<?xml version="1.0" encoding="utf-8"?>
<Project ToolsVersion="4.0" xmlns="http://schemas.microsoft.com/developer/msbuild/2003">
  <ItemGroup>
    <Filter Include="Source Files">
      <UniqueIdentifier>{4FC737F1-C7A5-4376-A066-2A32D752A2FF}</UniqueIdentifier>
      <Extensions>cpp;c;cxx;def;odl;idl;hpj;bat;asm;asmx</Extensions>
    </Filter>
    <Filter Include="Header Files">
      <UniqueIdentifier>{93995380-89BD-4b04-88EB-625FBE52EBFB}</UniqueIdentifier>
      <Extensions>h;hpp;hxx;hm;inl;inc;xsd</Extensions>
    </Filter>
    <Filter Include="Source Files\MatrixPilot">
      <UniqueIdentifier>{ee0f694e-cbd5-49be-bc4a-b6c0158b951d}</UniqueIdentifier>
    </Filter>
    <Filter Include="Header Files\MatrixPilot">
      <UniqueIdentifier>{c4576743-41c9-4e97-998f-73c679cc4160}</UniqueIdentifier>
    </Filter>
    <Filter Include="Source Files\SIL">
      <UniqueIdentifier>{999516ab-101d-4b37-a0a1-954b70f2fe8e}</UniqueIdentifier>
    </Filter>
    <Filter Include="Header Files\libDCM">
      <UniqueIdentifier>{7bd2d843-aba7-4bd5-adf3-cf556bbdb9ce}</UniqueIdentifier>
    </Filter>
    <Filter Include="Source Files\libDCM">
      <UniqueIdentifier>{d1bbf368-20b3-49dc-990c-9d65e84b8c0a}</UniqueIdentifier>
    </Filter>
    <Filter Include="Header Files\libUDB">
      <UniqueIdentifier>{5101f421-f26a-4d8d-a4d2-8d74b9a9bf8b}</UniqueIdentifier>
    </Filter>
    <Filter Include="Header Files\libFlashFS">
      <UniqueIdentifier>{44f3753e-ceb9-4a92-abb6-8960cc7b0dac}</UniqueIdentifier>
    </Filter>
    <Filter Include="Source Files\libFlashFS">
      <UniqueIdentifier>{ea19c55d-a288-4357-b923-30294bc47078}</UniqueIdentifier>
    </Filter>
    <Filter Include="Source Files\libUDB">
      <UniqueIdentifier>{3824688d-0ed8-4283-ae32-33dd7fab24d3}</UniqueIdentifier>
    </Filter>
    <Filter Include="Header Files\MAVLink">
      <UniqueIdentifier>{0c5acc6c-3ac1-4891-8ddd-317213abf2d6}</UniqueIdentifier>
    </Filter>
    <Filter Include="Header Files\MAVLink\include">
      <UniqueIdentifier>{04e86fd9-4f76-4052-9e71-275523ec0771}</UniqueIdentifier>
    </Filter>
    <Filter Include="Header Files\MAVLink\message_definitions">
      <UniqueIdentifier>{64baa320-c528-444d-959d-c537e4768dbf}</UniqueIdentifier>
    </Filter>
    <Filter Include="Header Files\MAVLink\include\matrixpilot">
      <UniqueIdentifier>{ee865dab-31b4-4579-bf0a-9f3966091843}</UniqueIdentifier>
    </Filter>
    <Filter Include="Header Files\MAVLink\include\common">
      <UniqueIdentifier>{5824a3da-1dc2-49dd-a541-b3176a2baa85}</UniqueIdentifier>
    </Filter>
    <Filter Include="Source Files\MAVLink">
      <UniqueIdentifier>{96c0bc0a-a087-497d-b0b7-9fb8288a8e54}</UniqueIdentifier>
    </Filter>
    <Filter Include="Header Files\Config">
      <UniqueIdentifier>{ad626add-5a4f-44a1-97c6-275318204ba4}</UniqueIdentifier>
    </Filter>
  </ItemGroup>
  <ItemGroup>
    <ClCompile Include="..\..\MatrixPilot\airspeedCntrl.c">
      <Filter>Source Files\MatrixPilot</Filter>
    </ClCompile>
    <ClCompile Include="..\..\MatrixPilot\altitudeCntrl.c">
      <Filter>Source Files\MatrixPilot</Filter>
    </ClCompile>
    <ClCompile Include="..\..\MatrixPilot\altitudeCntrlVariable.c">
      <Filter>Source Files\MatrixPilot</Filter>
    </ClCompile>
    <ClCompile Include="..\..\MatrixPilot\behavior.c">
      <Filter>Source Files\MatrixPilot</Filter>
    </ClCompile>
    <ClCompile Include="..\..\MatrixPilot\cameraCntrl.c">
      <Filter>Source Files\MatrixPilot</Filter>
    </ClCompile>
    <ClCompile Include="..\..\MatrixPilot\config.c">
      <Filter>Source Files\MatrixPilot</Filter>
    </ClCompile>
    <ClCompile Include="..\..\MatrixPilot\config_tests.c">
      <Filter>Source Files\MatrixPilot</Filter>
    </ClCompile>
    <ClCompile Include="..\..\MatrixPilot\data_services.c">
      <Filter>Source Files\MatrixPilot</Filter>
    </ClCompile>
    <ClCompile Include="..\..\MatrixPilot\data_storage.c">
      <Filter>Source Files\MatrixPilot</Filter>
    </ClCompile>
    <ClCompile Include="..\..\MatrixPilot\euler_angles.c">
      <Filter>Source Files\MatrixPilot</Filter>
    </ClCompile>
    <ClCompile Include="..\..\MatrixPilot\flightplan-logo.c">
      <Filter>Source Files\MatrixPilot</Filter>
    </ClCompile>
    <ClCompile Include="..\..\MatrixPilot\flightplan-waypoints.c">
      <Filter>Source Files\MatrixPilot</Filter>
    </ClCompile>
    <ClCompile Include="..\..\MatrixPilot\main.c">
      <Filter>Source Files\MatrixPilot</Filter>
    </ClCompile>
    <ClCompile Include="..\..\MatrixPilot\MAVFlexiFunctions.c">
      <Filter>Source Files\MatrixPilot</Filter>
    </ClCompile>
    <ClCompile Include="..\..\MatrixPilot\MAVLink.c">
      <Filter>Source Files\MatrixPilot</Filter>
    </ClCompile>
    <ClCompile Include="..\..\MatrixPilot\MAVMission.c">
      <Filter>Source Files\MatrixPilot</Filter>
    </ClCompile>
    <ClCompile Include="..\..\MatrixPilot\MAVParams.c">
      <Filter>Source Files\MatrixPilot</Filter>
    </ClCompile>
    <ClCompile Include="..\..\MatrixPilot\MAVUDBExtra.c">
      <Filter>Source Files\MatrixPilot</Filter>
    </ClCompile>
    <ClCompile Include="..\..\MatrixPilot\mode_switch.c">
      <Filter>Source Files\MatrixPilot</Filter>
    </ClCompile>
    <ClCompile Include="..\..\MatrixPilot\mp_osd.c">
      <Filter>Source Files\MatrixPilot</Filter>
    </ClCompile>
    <ClCompile Include="..\..\MatrixPilot\navigate.c">
      <Filter>Source Files\MatrixPilot</Filter>
    </ClCompile>
    <ClCompile Include="..\..\MatrixPilot\nv_memory_table.c">
      <Filter>Source Files\MatrixPilot</Filter>
    </ClCompile>
    <ClCompile Include="..\..\MatrixPilot\pitchCntrl.c">
      <Filter>Source Files\MatrixPilot</Filter>
    </ClCompile>
    <ClCompile Include="..\..\MatrixPilot\rollCntrl.c">
      <Filter>Source Files\MatrixPilot</Filter>
    </ClCompile>
    <ClCompile Include="..\..\MatrixPilot\servoMix.c">
      <Filter>Source Files\MatrixPilot</Filter>
    </ClCompile>
    <ClCompile Include="..\..\MatrixPilot\servoPrepare.c">
      <Filter>Source Files\MatrixPilot</Filter>
    </ClCompile>
    <ClCompile Include="..\..\MatrixPilot\states.c">
      <Filter>Source Files\MatrixPilot</Filter>
    </ClCompile>
    <ClCompile Include="..\..\MatrixPilot\telemetry.c">
      <Filter>Source Files\MatrixPilot</Filter>
    </ClCompile>
    <ClCompile Include="..\..\MatrixPilot\yawCntrl.c">
      <Filter>Source Files\MatrixPilot</Filter>
    </ClCompile>
    <ClCompile Include="SIL-24LC256.c">
      <Filter>Source Files\SIL</Filter>
    </ClCompile>
    <ClCompile Include="SIL-dsp.c">
      <Filter>Source Files\SIL</Filter>
    </ClCompile>
    <ClCompile Include="SIL-eeprom.c">
      <Filter>Source Files\SIL</Filter>
    </ClCompile>
    <ClCompile Include="SIL-events.c">
      <Filter>Source Files\SIL</Filter>
    </ClCompile>
    <ClCompile Include="SIL-I2C1.c">
      <Filter>Source Files\SIL</Filter>
    </ClCompile>
    <ClCompile Include="SIL-serial.c">
      <Filter>Source Files\SIL</Filter>
    </ClCompile>
    <ClCompile Include="SIL-udb.c">
      <Filter>Source Files\SIL</Filter>
    </ClCompile>
    <ClCompile Include="SIL-ui-mp-term.c">
      <Filter>Source Files\SIL</Filter>
    </ClCompile>
    <ClCompile Include="..\..\libDCM\deadReckoning.c">
      <Filter>Source Files\libDCM</Filter>
    </ClCompile>
    <ClCompile Include="..\..\libDCM\estAirspeed.c">
      <Filter>Source Files\libDCM</Filter>
    </ClCompile>
    <ClCompile Include="..\..\libDCM\estAltitude.c">
      <Filter>Source Files\libDCM</Filter>
    </ClCompile>
    <ClCompile Include="..\..\libDCM\estWind.c">
      <Filter>Source Files\libDCM</Filter>
    </ClCompile>
    <ClCompile Include="..\..\libDCM\estYawDrift.c">
      <Filter>Source Files\libDCM</Filter>
    </ClCompile>
    <ClCompile Include="..\..\libDCM\gpsParseCommon.c">
      <Filter>Source Files\libDCM</Filter>
    </ClCompile>
    <ClCompile Include="..\..\libDCM\gpsParseMTEK.c">
      <Filter>Source Files\libDCM</Filter>
    </ClCompile>
    <ClCompile Include="..\..\libDCM\gpsParseNMEA.c">
      <Filter>Source Files\libDCM</Filter>
    </ClCompile>
    <ClCompile Include="..\..\libDCM\gpsParseSTD.c">
      <Filter>Source Files\libDCM</Filter>
    </ClCompile>
    <ClCompile Include="..\..\libDCM\gpsParseUBX.c">
      <Filter>Source Files\libDCM</Filter>
    </ClCompile>
    <ClCompile Include="..\..\libDCM\libDCM.c">
      <Filter>Source Files\libDCM</Filter>
    </ClCompile>
    <ClCompile Include="..\..\libDCM\mathlibNAV.c">
      <Filter>Source Files\libDCM</Filter>
    </ClCompile>
    <ClCompile Include="..\..\libDCM\rmat.c">
      <Filter>Source Files\libDCM</Filter>
    </ClCompile>
    <ClCompile Include="..\HILSIM_XPlane\UDBSocketWin.c">
      <Filter>Source Files</Filter>
    </ClCompile>
    <ClCompile Include="..\..\MatrixPilot\telemetry_log.c">
      <Filter>Source Files\MatrixPilot</Filter>
    </ClCompile>
    <ClCompile Include="SIL-filesystem.c">
      <Filter>Source Files\SIL</Filter>
    </ClCompile>
    <ClCompile Include="flt2frct.c">
      <Filter>Source Files\SIL</Filter>
    </ClCompile>
    <ClCompile Include="frct2flt.c">
      <Filter>Source Files\SIL</Filter>
    </ClCompile>
    <ClCompile Include="..\..\MatrixPilot\parameter_table2.c">
      <Filter>Source Files\MatrixPilot</Filter>
    </ClCompile>
    <ClCompile Include="..\..\MatrixPilot\parameter_table_init.c">
      <Filter>Source Files\MatrixPilot</Filter>
    </ClCompile>
    <ClCompile Include="..\..\libDCM\estLocation.c">
      <Filter>Source Files\libDCM</Filter>
    </ClCompile>
    <ClCompile Include="..\..\libDCM\hilsim.c">
      <Filter>Source Files\libDCM</Filter>
    </ClCompile>
    <ClCompile Include="..\..\libDCM\mathlib.c">
      <Filter>Source Files\libDCM</Filter>
    </ClCompile>
    <ClCompile Include="..\..\MAVLink\MAVFTP.c">
      <Filter>Source Files\MAVLink</Filter>
    </ClCompile>
    <ClCompile Include="..\..\libFlashFS\filesys.c">
      <Filter>Source Files\libFlashFS</Filter>
    </ClCompile>
    <ClCompile Include="..\..\MatrixPilot\console.c">
      <Filter>Source Files\MatrixPilot</Filter>
    </ClCompile>
    <ClCompile Include="..\..\MatrixPilot\flight_state.c">
      <Filter>Source Files\MatrixPilot</Filter>
    </ClCompile>
    <ClCompile Include="..\..\MatrixPilot\fly_by_datalink.c">
      <Filter>Source Files\MatrixPilot</Filter>
    </ClCompile>
    <ClCompile Include="..\..\MatrixPilot\minim_osd.c">
      <Filter>Source Files\MatrixPilot</Filter>
    </ClCompile>
    <ClCompile Include="..\..\MatrixPilot\preflight.c">
      <Filter>Source Files\MatrixPilot</Filter>
    </ClCompile>
    <ClCompile Include="..\..\MatrixPilot\redef.c">
      <Filter>Source Files\MatrixPilot</Filter>
    </ClCompile>
    <ClCompile Include="..\..\MatrixPilot\remzibi_osd.c">
      <Filter>Source Files\MatrixPilot</Filter>
    </ClCompile>
    <ClCompile Include="..\..\MatrixPilot\ring_buffer.c">
      <Filter>Source Files\MatrixPilot</Filter>
    </ClCompile>
    <ClCompile Include="..\..\MatrixPilot\sonarCntrl.c">
      <Filter>Source Files\MatrixPilot</Filter>
    </ClCompile>
    <ClCompile Include="..\..\libDCM\gpsData.c">
      <Filter>Source Files\libDCM</Filter>
    </ClCompile>
    <ClCompile Include="..\..\MatrixPilot\helicalTurnCntrl.c">
      <Filter>Source Files\MatrixPilot</Filter>
    </ClCompile>
    <ClCompile Include="..\..\MatrixPilot\parameter_table.c">
      <Filter>Source Files\MatrixPilot</Filter>
    </ClCompile>
    <ClCompile Include="..\..\MatrixPilot\minIni.c">
      <Filter>Source Files\MatrixPilot</Filter>
    </ClCompile>
    <ClCompile Include="..\..\MatrixPilot\flightplan.c">
      <Filter>Source Files\MatrixPilot</Filter>
    </ClCompile>
  </ItemGroup>
  <ItemGroup>
    <ClInclude Include="..\..\MatrixPilot\airspeedCntrl.h">
      <Filter>Header Files\MatrixPilot</Filter>
    </ClInclude>
    <ClInclude Include="..\..\MatrixPilot\behaviour.h">
      <Filter>Header Files\MatrixPilot</Filter>
    </ClInclude>
    <ClInclude Include="..\..\MatrixPilot\cameraCntrl.h">
      <Filter>Header Files\MatrixPilot</Filter>
    </ClInclude>
    <ClInclude Include="..\..\MatrixPilot\config.h">
      <Filter>Header Files\MatrixPilot</Filter>
    </ClInclude>
    <ClInclude Include="..\..\MatrixPilot\console.h">
      <Filter>Header Files\MatrixPilot</Filter>
    </ClInclude>
    <ClInclude Include="..\..\MatrixPilot\data_services.h">
      <Filter>Header Files\MatrixPilot</Filter>
    </ClInclude>
    <ClInclude Include="..\..\MatrixPilot\data_storage.h">
      <Filter>Header Files\MatrixPilot</Filter>
    </ClInclude>
    <ClInclude Include="..\..\MatrixPilot\defines.h">
      <Filter>Header Files\MatrixPilot</Filter>
    </ClInclude>
    <ClInclude Include="..\..\MatrixPilot\euler_angles.h">
      <Filter>Header Files\MatrixPilot</Filter>
    </ClInclude>
    <ClInclude Include="..\..\MatrixPilot\flightplan-logo.h">
      <Filter>Header Files\MatrixPilot</Filter>
    </ClInclude>
    <ClInclude Include="..\..\MatrixPilot\flightplan-waypoints.h">
      <Filter>Header Files\MatrixPilot</Filter>
    </ClInclude>
    <ClInclude Include="..\..\MatrixPilot\fly_by_datalink.h">
      <Filter>Header Files\MatrixPilot</Filter>
    </ClInclude>
    <ClInclude Include="..\..\MatrixPilot\FreeRTOSConfig.h">
      <Filter>Header Files\MatrixPilot</Filter>
    </ClInclude>
    <ClInclude Include="..\..\MatrixPilot\gain_variables.h">
      <Filter>Header Files\MatrixPilot</Filter>
    </ClInclude>
    <ClInclude Include="..\..\MatrixPilot\MAVFlexiFunctions.h">
      <Filter>Header Files\MatrixPilot</Filter>
    </ClInclude>
    <ClInclude Include="..\..\MatrixPilot\MAVLink.h">
      <Filter>Header Files\MatrixPilot</Filter>
    </ClInclude>
    <ClInclude Include="..\..\MatrixPilot\mavlink_options.h">
      <Filter>Header Files\MatrixPilot</Filter>
    </ClInclude>
    <ClInclude Include="..\..\MatrixPilot\MAVMission.h">
      <Filter>Header Files\MatrixPilot</Filter>
    </ClInclude>
    <ClInclude Include="..\..\MatrixPilot\MAVParams.h">
      <Filter>Header Files\MatrixPilot</Filter>
    </ClInclude>
    <ClInclude Include="..\..\MatrixPilot\MAVUDBExtra.h">
      <Filter>Header Files\MatrixPilot</Filter>
    </ClInclude>
    <ClInclude Include="..\..\MatrixPilot\mode_switch.h">
      <Filter>Header Files\MatrixPilot</Filter>
    </ClInclude>
    <ClInclude Include="..\..\MatrixPilot\motorCntrl.h">
      <Filter>Header Files\MatrixPilot</Filter>
    </ClInclude>
    <ClInclude Include="..\..\MatrixPilot\navigate.h">
      <Filter>Header Files\MatrixPilot</Filter>
    </ClInclude>
    <ClInclude Include="..\..\MatrixPilot\osd_layout.h">
      <Filter>Header Files\MatrixPilot</Filter>
    </ClInclude>
    <ClInclude Include="..\..\MatrixPilot\osd_layout_remzibi.h">
      <Filter>Header Files\MatrixPilot</Filter>
    </ClInclude>
    <ClInclude Include="..\..\MatrixPilot\parameter_datatypes.h">
      <Filter>Header Files\MatrixPilot</Filter>
    </ClInclude>
    <ClInclude Include="..\..\MatrixPilot\parameter_table.h">
      <Filter>Header Files\MatrixPilot</Filter>
    </ClInclude>
    <ClInclude Include="..\..\MatrixPilot\preflight.h">
      <Filter>Header Files\MatrixPilot</Filter>
    </ClInclude>
    <ClInclude Include="..\..\MatrixPilot\quad.h">
      <Filter>Header Files\MatrixPilot</Filter>
    </ClInclude>
    <ClInclude Include="..\..\MatrixPilot\redef.h">
      <Filter>Header Files\MatrixPilot</Filter>
    </ClInclude>
    <ClInclude Include="..\..\MatrixPilot\ring_buffer.h">
      <Filter>Header Files\MatrixPilot</Filter>
    </ClInclude>
    <ClInclude Include="..\..\MatrixPilot\telemetry_log.h">
      <Filter>Header Files\MatrixPilot</Filter>
    </ClInclude>
    <ClInclude Include="..\..\MatrixPilot\util.h">
      <Filter>Header Files\MatrixPilot</Filter>
    </ClInclude>
    <ClInclude Include="..\..\MatrixPilot\waypoints.h">
      <Filter>Header Files\MatrixPilot</Filter>
    </ClInclude>
    <ClInclude Include="..\..\MatrixPilot\ymodem.h">
      <Filter>Header Files\MatrixPilot</Filter>
    </ClInclude>
    <ClInclude Include="..\..\libDCM\dcmTypes.h">
      <Filter>Header Files\libDCM</Filter>
    </ClInclude>
    <ClInclude Include="..\..\libDCM\deadReckoning.h">
      <Filter>Header Files\libDCM</Filter>
    </ClInclude>
    <ClInclude Include="..\..\libDCM\estAltitude.h">
      <Filter>Header Files\libDCM</Filter>
    </ClInclude>
    <ClInclude Include="..\..\libDCM\gpsParseCommon.h">
      <Filter>Header Files\libDCM</Filter>
    </ClInclude>
    <ClInclude Include="..\..\libDCM\libDCM.h">
      <Filter>Header Files\libDCM</Filter>
    </ClInclude>
    <ClInclude Include="..\..\libDCM\libDCM_defines.h">
      <Filter>Header Files\libDCM</Filter>
    </ClInclude>
    <ClInclude Include="..\..\libDCM\libDCM_internal.h">
      <Filter>Header Files\libDCM</Filter>
    </ClInclude>
    <ClInclude Include="..\..\libDCM\mathlibNAV.h">
      <Filter>Header Files\libDCM</Filter>
    </ClInclude>
    <ClInclude Include="..\..\libDCM\rmat.h">
      <Filter>Header Files\libDCM</Filter>
    </ClInclude>
    <ClInclude Include="..\..\libUDB\analogs.h">
      <Filter>Header Files\libUDB</Filter>
    </ClInclude>
    <ClInclude Include="..\..\libUDB\barometer.h">
      <Filter>Header Files\libUDB</Filter>
    </ClInclude>
    <ClInclude Include="..\..\libUDB\boardRotation_defines.h">
      <Filter>Header Files\libUDB</Filter>
    </ClInclude>
    <ClInclude Include="..\..\libUDB\ConfigAUAV3.h">
      <Filter>Header Files\libUDB</Filter>
    </ClInclude>
    <ClInclude Include="..\..\libUDB\ConfigHILSIM.h">
      <Filter>Header Files\libUDB</Filter>
    </ClInclude>
    <ClInclude Include="..\..\libUDB\ConfigUDB4.h">
      <Filter>Header Files\libUDB</Filter>
    </ClInclude>
    <ClInclude Include="..\..\libUDB\ConfigUDB5.h">
      <Filter>Header Files\libUDB</Filter>
    </ClInclude>
    <ClInclude Include="..\..\libUDB\events.h">
      <Filter>Header Files\libUDB</Filter>
    </ClInclude>
    <ClInclude Include="..\..\libUDB\heartbeat.h">
      <Filter>Header Files\libUDB</Filter>
    </ClInclude>
    <ClInclude Include="..\..\libUDB\I2C.h">
      <Filter>Header Files\libUDB</Filter>
    </ClInclude>
    <ClInclude Include="..\..\libUDB\interrupt.h">
      <Filter>Header Files\libUDB</Filter>
    </ClInclude>
    <ClInclude Include="..\..\libUDB\libUDB.h">
      <Filter>Header Files\libUDB</Filter>
    </ClInclude>
    <ClInclude Include="..\..\libUDB\libUDB_defines.h">
      <Filter>Header Files\libUDB</Filter>
    </ClInclude>
    <ClInclude Include="..\..\libUDB\libUDB_internal.h">
      <Filter>Header Files\libUDB</Filter>
    </ClInclude>
    <ClInclude Include="..\..\libUDB\magnetometer.h">
      <Filter>Header Files\libUDB</Filter>
    </ClInclude>
    <ClInclude Include="..\..\libUDB\magnetometerOptions.h">
      <Filter>Header Files\libUDB</Filter>
    </ClInclude>
    <ClInclude Include="..\..\libUDB\mpu_spi.h">
      <Filter>Header Files\libUDB</Filter>
    </ClInclude>
    <ClInclude Include="..\..\libUDB\mpu6000.h">
      <Filter>Header Files\libUDB</Filter>
    </ClInclude>
    <ClInclude Include="..\..\libUDB\NV_memory.h">
      <Filter>Header Files\libUDB</Filter>
    </ClInclude>
    <ClInclude Include="..\..\libUDB\nv_memory_options.h">
      <Filter>Header Files\libUDB</Filter>
    </ClInclude>
    <ClInclude Include="..\..\libUDB\oscillator.h">
      <Filter>Header Files\libUDB</Filter>
    </ClInclude>
    <ClInclude Include="..\..\libUDB\osd.h">
      <Filter>Header Files\libUDB</Filter>
    </ClInclude>
    <ClInclude Include="..\..\libUDB\uart.h">
      <Filter>Header Files\libUDB</Filter>
    </ClInclude>
    <ClInclude Include="..\..\libUDB\udbTypes.h">
      <Filter>Header Files\libUDB</Filter>
    </ClInclude>
    <ClInclude Include="..\..\libFlashFS\AT45D.h">
      <Filter>Header Files\libFlashFS</Filter>
    </ClInclude>
    <ClInclude Include="..\..\libFlashFS\FSconfig.h">
      <Filter>Header Files\libFlashFS</Filter>
    </ClInclude>
    <ClInclude Include="..\..\libFlashFS\MDD_AT45D.h">
      <Filter>Header Files\libFlashFS</Filter>
    </ClInclude>
    <ClInclude Include="..\..\libFlashFS\minGlue.h">
      <Filter>Header Files\libFlashFS</Filter>
    </ClInclude>
    <ClInclude Include="..\..\libFlashFS\minGlue-mdd.h">
      <Filter>Header Files\libFlashFS</Filter>
    </ClInclude>
    <ClInclude Include="..\..\libFlashFS\minIni.h">
      <Filter>Header Files\libFlashFS</Filter>
    </ClInclude>
    <ClInclude Include="..\..\libFlashFS\usb_cdc.h">
      <Filter>Header Files\libFlashFS</Filter>
    </ClInclude>
    <ClInclude Include="..\..\libFlashFS\usb_config.h">
      <Filter>Header Files\libFlashFS</Filter>
    </ClInclude>
    <ClInclude Include="..\..\MAVLink\MAVFTP.h">
      <Filter>Header Files\MAVLink</Filter>
    </ClInclude>
    <ClInclude Include="..\..\MAVLink\include\mavlink_helpers.h">
      <Filter>Header Files\MAVLink\include</Filter>
    </ClInclude>
    <ClInclude Include="..\..\MAVLink\include\checksum.h">
      <Filter>Header Files\MAVLink\include</Filter>
    </ClInclude>
    <ClInclude Include="..\..\MAVLink\include\mavlink_types.h">
      <Filter>Header Files\MAVLink\include</Filter>
    </ClInclude>
    <ClInclude Include="..\..\MAVLink\include\inttypes.h">
      <Filter>Header Files\MAVLink\include</Filter>
    </ClInclude>
    <ClInclude Include="..\..\MAVLink\include\matrixpilot_mavlink_bridge_header.h">
      <Filter>Header Files\MAVLink\include</Filter>
    </ClInclude>
    <ClInclude Include="..\..\MAVLink\include\mavlink_conversions.h">
      <Filter>Header Files\MAVLink\include</Filter>
    </ClInclude>
    <ClInclude Include="..\..\MAVLink\include\mavlink_protobuf_manager.hpp">
      <Filter>Header Files\MAVLink\include</Filter>
    </ClInclude>
    <ClInclude Include="..\..\MAVLink\include\protocol.h">
      <Filter>Header Files\MAVLink\include</Filter>
    </ClInclude>
    <ClInclude Include="..\..\MAVLink\include\common\common.h">
      <Filter>Header Files\MAVLink\include\common</Filter>
    </ClInclude>
    <ClInclude Include="..\..\MAVLink\include\common\mavlink.h">
      <Filter>Header Files\MAVLink\include\common</Filter>
    </ClInclude>
    <ClInclude Include="..\..\MAVLink\include\common\mavlink_msg_attitude.h">
      <Filter>Header Files\MAVLink\include\common</Filter>
    </ClInclude>
    <ClInclude Include="..\..\MAVLink\include\common\mavlink_msg_attitude_quaternion.h">
      <Filter>Header Files\MAVLink\include\common</Filter>
    </ClInclude>
    <ClInclude Include="..\..\MAVLink\include\common\mavlink_msg_attitude_setpoint_external.h">
      <Filter>Header Files\MAVLink\include\common</Filter>
    </ClInclude>
    <ClInclude Include="..\..\MAVLink\include\common\mavlink_msg_auth_key.h">
      <Filter>Header Files\MAVLink\include\common</Filter>
    </ClInclude>
    <ClInclude Include="..\..\MAVLink\include\common\mavlink_msg_battery_status.h">
      <Filter>Header Files\MAVLink\include\common</Filter>
    </ClInclude>
    <ClInclude Include="..\..\MAVLink\include\common\mavlink_msg_change_operator_control.h">
      <Filter>Header Files\MAVLink\include\common</Filter>
    </ClInclude>
    <ClInclude Include="..\..\MAVLink\include\common\mavlink_msg_change_operator_control_ack.h">
      <Filter>Header Files\MAVLink\include\common</Filter>
    </ClInclude>
    <ClInclude Include="..\..\MAVLink\include\common\mavlink_msg_command_ack.h">
      <Filter>Header Files\MAVLink\include\common</Filter>
    </ClInclude>
    <ClInclude Include="..\..\MAVLink\include\common\mavlink_msg_command_long.h">
      <Filter>Header Files\MAVLink\include\common</Filter>
    </ClInclude>
    <ClInclude Include="..\..\MAVLink\include\common\mavlink_msg_data_stream.h">
      <Filter>Header Files\MAVLink\include\common</Filter>
    </ClInclude>
    <ClInclude Include="..\..\MAVLink\include\common\mavlink_msg_data_transmission_handshake.h">
      <Filter>Header Files\MAVLink\include\common</Filter>
    </ClInclude>
    <ClInclude Include="..\..\MAVLink\include\common\mavlink_msg_debug.h">
      <Filter>Header Files\MAVLink\include\common</Filter>
    </ClInclude>
    <ClInclude Include="..\..\MAVLink\include\common\mavlink_msg_debug_vect.h">
      <Filter>Header Files\MAVLink\include\common</Filter>
    </ClInclude>
    <ClInclude Include="..\..\MAVLink\include\common\mavlink_msg_distance_sensor.h">
      <Filter>Header Files\MAVLink\include\common</Filter>
    </ClInclude>
    <ClInclude Include="..\..\MAVLink\include\common\mavlink_msg_encapsulated_data.h">
      <Filter>Header Files\MAVLink\include\common</Filter>
    </ClInclude>
    <ClInclude Include="..\..\MAVLink\include\common\mavlink_msg_file_transfer_dir_list.h">
      <Filter>Header Files\MAVLink\include\common</Filter>
    </ClInclude>
    <ClInclude Include="..\..\MAVLink\include\common\mavlink_msg_file_transfer_res.h">
      <Filter>Header Files\MAVLink\include\common</Filter>
    </ClInclude>
    <ClInclude Include="..\..\MAVLink\include\common\mavlink_msg_file_transfer_start.h">
      <Filter>Header Files\MAVLink\include\common</Filter>
    </ClInclude>
    <ClInclude Include="..\..\MAVLink\include\common\mavlink_msg_global_position_int.h">
      <Filter>Header Files\MAVLink\include\common</Filter>
    </ClInclude>
    <ClInclude Include="..\..\MAVLink\include\common\mavlink_msg_global_position_setpoint_external_int.h">
      <Filter>Header Files\MAVLink\include\common</Filter>
    </ClInclude>
    <ClInclude Include="..\..\MAVLink\include\common\mavlink_msg_global_position_setpoint_int.h">
      <Filter>Header Files\MAVLink\include\common</Filter>
    </ClInclude>
    <ClInclude Include="..\..\MAVLink\include\common\mavlink_msg_global_vision_position_estimate.h">
      <Filter>Header Files\MAVLink\include\common</Filter>
    </ClInclude>
    <ClInclude Include="..\..\MAVLink\include\common\mavlink_msg_gps_global_origin.h">
      <Filter>Header Files\MAVLink\include\common</Filter>
    </ClInclude>
    <ClInclude Include="..\..\MAVLink\include\common\mavlink_msg_gps_inject_data.h">
      <Filter>Header Files\MAVLink\include\common</Filter>
    </ClInclude>
    <ClInclude Include="..\..\MAVLink\include\common\mavlink_msg_gps_raw_int.h">
      <Filter>Header Files\MAVLink\include\common</Filter>
    </ClInclude>
    <ClInclude Include="..\..\MAVLink\include\common\mavlink_msg_gps_rtk.h">
      <Filter>Header Files\MAVLink\include\common</Filter>
    </ClInclude>
    <ClInclude Include="..\..\MAVLink\include\common\mavlink_msg_gps_status.h">
      <Filter>Header Files\MAVLink\include\common</Filter>
    </ClInclude>
    <ClInclude Include="..\..\MAVLink\include\common\mavlink_msg_gps2_raw.h">
      <Filter>Header Files\MAVLink\include\common</Filter>
    </ClInclude>
    <ClInclude Include="..\..\MAVLink\include\common\mavlink_msg_gps2_rtk.h">
      <Filter>Header Files\MAVLink\include\common</Filter>
    </ClInclude>
    <ClInclude Include="..\..\MAVLink\include\common\mavlink_msg_heartbeat.h">
      <Filter>Header Files\MAVLink\include\common</Filter>
    </ClInclude>
    <ClInclude Include="..\..\MAVLink\include\common\mavlink_msg_highres_imu.h">
      <Filter>Header Files\MAVLink\include\common</Filter>
    </ClInclude>
    <ClInclude Include="..\..\MAVLink\include\common\mavlink_msg_hil_controls.h">
      <Filter>Header Files\MAVLink\include\common</Filter>
    </ClInclude>
    <ClInclude Include="..\..\MAVLink\include\common\mavlink_msg_hil_gps.h">
      <Filter>Header Files\MAVLink\include\common</Filter>
    </ClInclude>
    <ClInclude Include="..\..\MAVLink\include\common\mavlink_msg_hil_optical_flow.h">
      <Filter>Header Files\MAVLink\include\common</Filter>
    </ClInclude>
    <ClInclude Include="..\..\MAVLink\include\common\mavlink_msg_hil_rc_inputs_raw.h">
      <Filter>Header Files\MAVLink\include\common</Filter>
    </ClInclude>
    <ClInclude Include="..\..\MAVLink\include\common\mavlink_msg_hil_sensor.h">
      <Filter>Header Files\MAVLink\include\common</Filter>
    </ClInclude>
    <ClInclude Include="..\..\MAVLink\include\common\mavlink_msg_hil_state.h">
      <Filter>Header Files\MAVLink\include\common</Filter>
    </ClInclude>
    <ClInclude Include="..\..\MAVLink\include\common\mavlink_msg_hil_state_quaternion.h">
      <Filter>Header Files\MAVLink\include\common</Filter>
    </ClInclude>
    <ClInclude Include="..\..\MAVLink\include\common\mavlink_msg_local_ned_position_setpoint_external.h">
      <Filter>Header Files\MAVLink\include\common</Filter>
    </ClInclude>
    <ClInclude Include="..\..\MAVLink\include\common\mavlink_msg_local_position_ned.h">
      <Filter>Header Files\MAVLink\include\common</Filter>
    </ClInclude>
    <ClInclude Include="..\..\MAVLink\include\common\mavlink_msg_local_position_ned_system_global_offset.h">
      <Filter>Header Files\MAVLink\include\common</Filter>
    </ClInclude>
    <ClInclude Include="..\..\MAVLink\include\common\mavlink_msg_local_position_setpoint.h">
      <Filter>Header Files\MAVLink\include\common</Filter>
    </ClInclude>
    <ClInclude Include="..\..\MAVLink\include\common\mavlink_msg_log_data.h">
      <Filter>Header Files\MAVLink\include\common</Filter>
    </ClInclude>
    <ClInclude Include="..\..\MAVLink\include\common\mavlink_msg_log_entry.h">
      <Filter>Header Files\MAVLink\include\common</Filter>
    </ClInclude>
    <ClInclude Include="..\..\MAVLink\include\common\mavlink_msg_log_erase.h">
      <Filter>Header Files\MAVLink\include\common</Filter>
    </ClInclude>
    <ClInclude Include="..\..\MAVLink\include\common\mavlink_msg_log_request_data.h">
      <Filter>Header Files\MAVLink\include\common</Filter>
    </ClInclude>
    <ClInclude Include="..\..\MAVLink\include\common\mavlink_msg_log_request_end.h">
      <Filter>Header Files\MAVLink\include\common</Filter>
    </ClInclude>
    <ClInclude Include="..\..\MAVLink\include\common\mavlink_msg_log_request_list.h">
      <Filter>Header Files\MAVLink\include\common</Filter>
    </ClInclude>
    <ClInclude Include="..\..\MAVLink\include\common\mavlink_msg_manual_control.h">
      <Filter>Header Files\MAVLink\include\common</Filter>
    </ClInclude>
    <ClInclude Include="..\..\MAVLink\include\common\mavlink_msg_manual_setpoint.h">
      <Filter>Header Files\MAVLink\include\common</Filter>
    </ClInclude>
    <ClInclude Include="..\..\MAVLink\include\common\mavlink_msg_memory_vect.h">
      <Filter>Header Files\MAVLink\include\common</Filter>
    </ClInclude>
    <ClInclude Include="..\..\MAVLink\include\common\mavlink_msg_mission_ack.h">
      <Filter>Header Files\MAVLink\include\common</Filter>
    </ClInclude>
    <ClInclude Include="..\..\MAVLink\include\common\mavlink_msg_mission_clear_all.h">
      <Filter>Header Files\MAVLink\include\common</Filter>
    </ClInclude>
    <ClInclude Include="..\..\MAVLink\include\common\mavlink_msg_mission_count.h">
      <Filter>Header Files\MAVLink\include\common</Filter>
    </ClInclude>
    <ClInclude Include="..\..\MAVLink\include\common\mavlink_msg_mission_current.h">
      <Filter>Header Files\MAVLink\include\common</Filter>
    </ClInclude>
    <ClInclude Include="..\..\MAVLink\include\common\mavlink_msg_mission_item.h">
      <Filter>Header Files\MAVLink\include\common</Filter>
    </ClInclude>
    <ClInclude Include="..\..\MAVLink\include\common\mavlink_msg_mission_item_reached.h">
      <Filter>Header Files\MAVLink\include\common</Filter>
    </ClInclude>
    <ClInclude Include="..\..\MAVLink\include\common\mavlink_msg_mission_request.h">
      <Filter>Header Files\MAVLink\include\common</Filter>
    </ClInclude>
    <ClInclude Include="..\..\MAVLink\include\common\mavlink_msg_mission_request_list.h">
      <Filter>Header Files\MAVLink\include\common</Filter>
    </ClInclude>
    <ClInclude Include="..\..\MAVLink\include\common\mavlink_msg_mission_request_partial_list.h">
      <Filter>Header Files\MAVLink\include\common</Filter>
    </ClInclude>
    <ClInclude Include="..\..\MAVLink\include\common\mavlink_msg_mission_set_current.h">
      <Filter>Header Files\MAVLink\include\common</Filter>
    </ClInclude>
    <ClInclude Include="..\..\MAVLink\include\common\mavlink_msg_mission_write_partial_list.h">
      <Filter>Header Files\MAVLink\include\common</Filter>
    </ClInclude>
    <ClInclude Include="..\..\MAVLink\include\common\mavlink_msg_named_value_float.h">
      <Filter>Header Files\MAVLink\include\common</Filter>
    </ClInclude>
    <ClInclude Include="..\..\MAVLink\include\common\mavlink_msg_named_value_int.h">
      <Filter>Header Files\MAVLink\include\common</Filter>
    </ClInclude>
    <ClInclude Include="..\..\MAVLink\include\common\mavlink_msg_nav_controller_output.h">
      <Filter>Header Files\MAVLink\include\common</Filter>
    </ClInclude>
    <ClInclude Include="..\..\MAVLink\include\common\mavlink_msg_omnidirectional_flow.h">
      <Filter>Header Files\MAVLink\include\common</Filter>
    </ClInclude>
    <ClInclude Include="..\..\MAVLink\include\common\mavlink_msg_optical_flow.h">
      <Filter>Header Files\MAVLink\include\common</Filter>
    </ClInclude>
    <ClInclude Include="..\..\MAVLink\include\common\mavlink_msg_param_request_list.h">
      <Filter>Header Files\MAVLink\include\common</Filter>
    </ClInclude>
    <ClInclude Include="..\..\MAVLink\include\common\mavlink_msg_param_request_read.h">
      <Filter>Header Files\MAVLink\include\common</Filter>
    </ClInclude>
    <ClInclude Include="..\..\MAVLink\include\common\mavlink_msg_param_set.h">
      <Filter>Header Files\MAVLink\include\common</Filter>
    </ClInclude>
    <ClInclude Include="..\..\MAVLink\include\common\mavlink_msg_param_value.h">
      <Filter>Header Files\MAVLink\include\common</Filter>
    </ClInclude>
    <ClInclude Include="..\..\MAVLink\include\common\mavlink_msg_ping.h">
      <Filter>Header Files\MAVLink\include\common</Filter>
    </ClInclude>
    <ClInclude Include="..\..\MAVLink\include\common\mavlink_msg_power_status.h">
      <Filter>Header Files\MAVLink\include\common</Filter>
    </ClInclude>
    <ClInclude Include="..\..\MAVLink\include\common\mavlink_msg_radio_status.h">
      <Filter>Header Files\MAVLink\include\common</Filter>
    </ClInclude>
    <ClInclude Include="..\..\MAVLink\include\common\mavlink_msg_raw_imu.h">
      <Filter>Header Files\MAVLink\include\common</Filter>
    </ClInclude>
    <ClInclude Include="..\..\MAVLink\include\common\mavlink_msg_raw_pressure.h">
      <Filter>Header Files\MAVLink\include\common</Filter>
    </ClInclude>
    <ClInclude Include="..\..\MAVLink\include\common\mavlink_msg_rc_channels.h">
      <Filter>Header Files\MAVLink\include\common</Filter>
    </ClInclude>
    <ClInclude Include="..\..\MAVLink\include\common\mavlink_msg_rc_channels_override.h">
      <Filter>Header Files\MAVLink\include\common</Filter>
    </ClInclude>
    <ClInclude Include="..\..\MAVLink\include\common\mavlink_msg_rc_channels_raw.h">
      <Filter>Header Files\MAVLink\include\common</Filter>
    </ClInclude>
    <ClInclude Include="..\..\MAVLink\include\common\mavlink_msg_rc_channels_scaled.h">
      <Filter>Header Files\MAVLink\include\common</Filter>
    </ClInclude>
    <ClInclude Include="..\..\MAVLink\include\common\mavlink_msg_request_data_stream.h">
      <Filter>Header Files\MAVLink\include\common</Filter>
    </ClInclude>
    <ClInclude Include="..\..\MAVLink\include\common\mavlink_msg_roll_pitch_yaw_rates_thrust_setpoint.h">
      <Filter>Header Files\MAVLink\include\common</Filter>
    </ClInclude>
    <ClInclude Include="..\..\MAVLink\include\common\mavlink_msg_roll_pitch_yaw_speed_thrust_setpoint.h">
      <Filter>Header Files\MAVLink\include\common</Filter>
    </ClInclude>
    <ClInclude Include="..\..\MAVLink\include\common\mavlink_msg_roll_pitch_yaw_thrust_setpoint.h">
      <Filter>Header Files\MAVLink\include\common</Filter>
    </ClInclude>
    <ClInclude Include="..\..\MAVLink\include\common\mavlink_msg_safety_allowed_area.h">
      <Filter>Header Files\MAVLink\include\common</Filter>
    </ClInclude>
    <ClInclude Include="..\..\MAVLink\include\common\mavlink_msg_safety_set_allowed_area.h">
      <Filter>Header Files\MAVLink\include\common</Filter>
    </ClInclude>
    <ClInclude Include="..\..\MAVLink\include\common\mavlink_msg_scaled_imu.h">
      <Filter>Header Files\MAVLink\include\common</Filter>
    </ClInclude>
    <ClInclude Include="..\..\MAVLink\include\common\mavlink_msg_scaled_imu2.h">
      <Filter>Header Files\MAVLink\include\common</Filter>
    </ClInclude>
    <ClInclude Include="..\..\MAVLink\include\common\mavlink_msg_scaled_pressure.h">
      <Filter>Header Files\MAVLink\include\common</Filter>
    </ClInclude>
    <ClInclude Include="..\..\MAVLink\include\common\mavlink_msg_serial_control.h">
      <Filter>Header Files\MAVLink\include\common</Filter>
    </ClInclude>
    <ClInclude Include="..\..\MAVLink\include\common\mavlink_msg_servo_output_raw.h">
      <Filter>Header Files\MAVLink\include\common</Filter>
    </ClInclude>
    <ClInclude Include="..\..\MAVLink\include\common\mavlink_msg_set_global_position_setpoint_int.h">
      <Filter>Header Files\MAVLink\include\common</Filter>
    </ClInclude>
    <ClInclude Include="..\..\MAVLink\include\common\mavlink_msg_set_gps_global_origin.h">
      <Filter>Header Files\MAVLink\include\common</Filter>
    </ClInclude>
    <ClInclude Include="..\..\MAVLink\include\common\mavlink_msg_set_local_position_setpoint.h">
      <Filter>Header Files\MAVLink\include\common</Filter>
    </ClInclude>
    <ClInclude Include="..\..\MAVLink\include\common\mavlink_msg_set_mode.h">
      <Filter>Header Files\MAVLink\include\common</Filter>
    </ClInclude>
    <ClInclude Include="..\..\MAVLink\include\common\mavlink_msg_set_quad_motors_setpoint.h">
      <Filter>Header Files\MAVLink\include\common</Filter>
    </ClInclude>
    <ClInclude Include="..\..\MAVLink\include\common\mavlink_msg_set_quad_swarm_led_roll_pitch_yaw_thrust.h">
      <Filter>Header Files\MAVLink\include\common</Filter>
    </ClInclude>
    <ClInclude Include="..\..\MAVLink\include\common\mavlink_msg_set_quad_swarm_roll_pitch_yaw_thrust.h">
      <Filter>Header Files\MAVLink\include\common</Filter>
    </ClInclude>
    <ClInclude Include="..\..\MAVLink\include\common\mavlink_msg_set_roll_pitch_yaw_speed_thrust.h">
      <Filter>Header Files\MAVLink\include\common</Filter>
    </ClInclude>
    <ClInclude Include="..\..\MAVLink\include\common\mavlink_msg_set_roll_pitch_yaw_thrust.h">
      <Filter>Header Files\MAVLink\include\common</Filter>
    </ClInclude>
    <ClInclude Include="..\..\MAVLink\include\common\mavlink_msg_setpoint_6dof.h">
      <Filter>Header Files\MAVLink\include\common</Filter>
    </ClInclude>
    <ClInclude Include="..\..\MAVLink\include\common\mavlink_msg_setpoint_8dof.h">
      <Filter>Header Files\MAVLink\include\common</Filter>
    </ClInclude>
    <ClInclude Include="..\..\MAVLink\include\common\mavlink_msg_sim_state.h">
      <Filter>Header Files\MAVLink\include\common</Filter>
    </ClInclude>
    <ClInclude Include="..\..\MAVLink\include\common\mavlink_msg_state_correction.h">
      <Filter>Header Files\MAVLink\include\common</Filter>
    </ClInclude>
    <ClInclude Include="..\..\MAVLink\include\common\mavlink_msg_statustext.h">
      <Filter>Header Files\MAVLink\include\common</Filter>
    </ClInclude>
    <ClInclude Include="..\..\MAVLink\include\common\mavlink_msg_sys_status.h">
      <Filter>Header Files\MAVLink\include\common</Filter>
    </ClInclude>
    <ClInclude Include="..\..\MAVLink\include\common\mavlink_msg_system_time.h">
      <Filter>Header Files\MAVLink\include\common</Filter>
    </ClInclude>
    <ClInclude Include="..\..\MAVLink\include\common\mavlink_msg_vfr_hud.h">
      <Filter>Header Files\MAVLink\include\common</Filter>
    </ClInclude>
    <ClInclude Include="..\..\MAVLink\include\common\mavlink_msg_vicon_position_estimate.h">
      <Filter>Header Files\MAVLink\include\common</Filter>
    </ClInclude>
    <ClInclude Include="..\..\MAVLink\include\common\mavlink_msg_vision_position_estimate.h">
      <Filter>Header Files\MAVLink\include\common</Filter>
    </ClInclude>
    <ClInclude Include="..\..\MAVLink\include\common\mavlink_msg_vision_speed_estimate.h">
      <Filter>Header Files\MAVLink\include\common</Filter>
    </ClInclude>
    <ClInclude Include="..\..\MAVLink\include\common\testsuite.h">
      <Filter>Header Files\MAVLink\include\common</Filter>
    </ClInclude>
    <ClInclude Include="..\..\MAVLink\include\common\version.h">
      <Filter>Header Files\MAVLink\include\common</Filter>
    </ClInclude>
    <ClInclude Include="..\..\MAVLink\include\matrixpilot\matrixpilot.h">
      <Filter>Header Files\MAVLink\include\matrixpilot</Filter>
    </ClInclude>
    <ClInclude Include="..\..\MAVLink\include\matrixpilot\mavlink.h">
      <Filter>Header Files\MAVLink\include\matrixpilot</Filter>
    </ClInclude>
    <ClInclude Include="..\..\MAVLink\include\matrixpilot\mavlink_msg_airspeeds.h">
      <Filter>Header Files\MAVLink\include\matrixpilot</Filter>
    </ClInclude>
    <ClInclude Include="..\..\MAVLink\include\matrixpilot\mavlink_msg_altitudes.h">
      <Filter>Header Files\MAVLink\include\matrixpilot</Filter>
    </ClInclude>
    <ClInclude Include="..\..\MAVLink\include\matrixpilot\mavlink_msg_flexifunction_buffer_function.h">
      <Filter>Header Files\MAVLink\include\matrixpilot</Filter>
    </ClInclude>
    <ClInclude Include="..\..\MAVLink\include\matrixpilot\mavlink_msg_flexifunction_buffer_function_ack.h">
      <Filter>Header Files\MAVLink\include\matrixpilot</Filter>
    </ClInclude>
    <ClInclude Include="..\..\MAVLink\include\matrixpilot\mavlink_msg_flexifunction_command.h">
      <Filter>Header Files\MAVLink\include\matrixpilot</Filter>
    </ClInclude>
    <ClInclude Include="..\..\MAVLink\include\matrixpilot\mavlink_msg_flexifunction_command_ack.h">
      <Filter>Header Files\MAVLink\include\matrixpilot</Filter>
    </ClInclude>
    <ClInclude Include="..\..\MAVLink\include\matrixpilot\mavlink_msg_flexifunction_directory.h">
      <Filter>Header Files\MAVLink\include\matrixpilot</Filter>
    </ClInclude>
    <ClInclude Include="..\..\MAVLink\include\matrixpilot\mavlink_msg_flexifunction_directory_ack.h">
      <Filter>Header Files\MAVLink\include\matrixpilot</Filter>
    </ClInclude>
    <ClInclude Include="..\..\MAVLink\include\matrixpilot\mavlink_msg_flexifunction_read_req.h">
      <Filter>Header Files\MAVLink\include\matrixpilot</Filter>
    </ClInclude>
    <ClInclude Include="..\..\MAVLink\include\matrixpilot\mavlink_msg_flexifunction_set.h">
      <Filter>Header Files\MAVLink\include\matrixpilot</Filter>
    </ClInclude>
    <ClInclude Include="..\..\MAVLink\include\matrixpilot\mavlink_msg_serial_udb_extra_f2_a.h">
      <Filter>Header Files\MAVLink\include\matrixpilot</Filter>
    </ClInclude>
    <ClInclude Include="..\..\MAVLink\include\matrixpilot\mavlink_msg_serial_udb_extra_f2_b.h">
      <Filter>Header Files\MAVLink\include\matrixpilot</Filter>
    </ClInclude>
    <ClInclude Include="..\..\MAVLink\include\matrixpilot\mavlink_msg_serial_udb_extra_f4.h">
      <Filter>Header Files\MAVLink\include\matrixpilot</Filter>
    </ClInclude>
    <ClInclude Include="..\..\MAVLink\include\matrixpilot\mavlink_msg_serial_udb_extra_f5.h">
      <Filter>Header Files\MAVLink\include\matrixpilot</Filter>
    </ClInclude>
    <ClInclude Include="..\..\MAVLink\include\matrixpilot\mavlink_msg_serial_udb_extra_f6.h">
      <Filter>Header Files\MAVLink\include\matrixpilot</Filter>
    </ClInclude>
    <ClInclude Include="..\..\MAVLink\include\matrixpilot\mavlink_msg_serial_udb_extra_f7.h">
      <Filter>Header Files\MAVLink\include\matrixpilot</Filter>
    </ClInclude>
    <ClInclude Include="..\..\MAVLink\include\matrixpilot\mavlink_msg_serial_udb_extra_f8.h">
      <Filter>Header Files\MAVLink\include\matrixpilot</Filter>
    </ClInclude>
    <ClInclude Include="..\..\MAVLink\include\matrixpilot\mavlink_msg_serial_udb_extra_f13.h">
      <Filter>Header Files\MAVLink\include\matrixpilot</Filter>
    </ClInclude>
    <ClInclude Include="..\..\MAVLink\include\matrixpilot\mavlink_msg_serial_udb_extra_f14.h">
      <Filter>Header Files\MAVLink\include\matrixpilot</Filter>
    </ClInclude>
    <ClInclude Include="..\..\MAVLink\include\matrixpilot\mavlink_msg_serial_udb_extra_f15.h">
      <Filter>Header Files\MAVLink\include\matrixpilot</Filter>
    </ClInclude>
    <ClInclude Include="..\..\MAVLink\include\matrixpilot\mavlink_msg_serial_udb_extra_f16.h">
      <Filter>Header Files\MAVLink\include\matrixpilot</Filter>
    </ClInclude>
    <ClInclude Include="..\..\MAVLink\include\matrixpilot\testsuite.h">
      <Filter>Header Files\MAVLink\include\matrixpilot</Filter>
    </ClInclude>
    <ClInclude Include="..\..\MAVLink\include\matrixpilot\version.h">
      <Filter>Header Files\MAVLink\include\matrixpilot</Filter>
    </ClInclude>
    <ClInclude Include="..\..\libFlashFS\filesys.h">
      <Filter>Header Files\libFlashFS</Filter>
    </ClInclude>
    <ClInclude Include="..\..\libDCM\estWind.h">
      <Filter>Header Files\libDCM</Filter>
    </ClInclude>
    <ClInclude Include="..\..\MatrixPilot\altitudeCntrl.h">
      <Filter>Header Files\MatrixPilot</Filter>
    </ClInclude>
    <ClInclude Include="..\..\MatrixPilot\servoPrepare.h">
      <Filter>Header Files\MatrixPilot</Filter>
    </ClInclude>
    <ClInclude Include="..\..\libDCM\mathlib.h">
      <Filter>Header Files\libDCM</Filter>
    </ClInclude>
    <ClInclude Include="..\..\libDCM\estLocation.h">
      <Filter>Header Files\libDCM</Filter>
    </ClInclude>
    <ClInclude Include="..\..\libDCM\estYawDrift.h">
      <Filter>Header Files\libDCM</Filter>
    </ClInclude>
    <ClInclude Include="..\..\libUDB\ADchannel.h">
      <Filter>Header Files\libUDB</Filter>
    </ClInclude>
    <ClInclude Include="..\..\libUDB\eeprom_udb4.h">
      <Filter>Header Files\libUDB</Filter>
    </ClInclude>
    <ClInclude Include="..\..\libUDB\fixDeps.h">
      <Filter>Header Files\libUDB</Filter>
    </ClInclude>
    <ClInclude Include="..\..\libUDB\mcu.h">
      <Filter>Header Files\libUDB</Filter>
    </ClInclude>
    <ClInclude Include="..\..\libUDB\radioIn.h">
      <Filter>Header Files\libUDB</Filter>
    </ClInclude>
    <ClInclude Include="..\..\libUDB\serialIO.h">
      <Filter>Header Files\libUDB</Filter>
    </ClInclude>
    <ClInclude Include="..\..\libUDB\servoOut.h">
      <Filter>Header Files\libUDB</Filter>
    </ClInclude>
    <ClInclude Include="..\..\libUDB\sonarIn.h">
      <Filter>Header Files\libUDB</Filter>
    </ClInclude>
    <ClInclude Include="..\..\MatrixPilot\flightplan.h">
      <Filter>Header Files\MatrixPilot</Filter>
    </ClInclude>
    <ClInclude Include="..\..\MatrixPilot\libCntrl.h">
      <Filter>Header Files\MatrixPilot</Filter>
    </ClInclude>
    <ClInclude Include="..\..\MatrixPilot\servoMix.h">
      <Filter>Header Files\MatrixPilot</Filter>
    </ClInclude>
    <ClInclude Include="..\..\MatrixPilot\sonarCntrl.h">
      <Filter>Header Files\MatrixPilot</Filter>
    </ClInclude>
    <ClInclude Include="..\..\MatrixPilot\states.h">
      <Filter>Header Files\MatrixPilot</Filter>
    </ClInclude>
    <ClInclude Include="..\..\MatrixPilot\telemetry.h">
      <Filter>Header Files\MatrixPilot</Filter>
    </ClInclude>
    <ClInclude Include="..\..\Config\airspeed_options.h">
      <Filter>Header Files\Config</Filter>
    </ClInclude>
    <ClInclude Include="..\..\Config\FSconfig.h">
      <Filter>Header Files\Config</Filter>
    </ClInclude>
    <ClInclude Include="..\..\Config\magnetometerOptions.h">
      <Filter>Header Files\Config</Filter>
    </ClInclude>
    <ClInclude Include="..\..\Config\nv_memory_options.h">
      <Filter>Header Files\Config</Filter>
    </ClInclude>
    <ClInclude Include="..\..\Config\options.h">
      <Filter>Header Files\Config</Filter>
    </ClInclude>
    <ClInclude Include="..\..\Config\options_auav3.h">
      <Filter>Header Files\Config</Filter>
    </ClInclude>
    <ClInclude Include="..\..\Config\osd_config.h">
      <Filter>Header Files\Config</Filter>
    </ClInclude>
    <ClInclude Include="..\..\libFlashFS\EEPROM.h">
      <Filter>Header Files\libFlashFS</Filter>
    </ClInclude>
    <ClInclude Include="..\..\libFlashFS\MDD_EEPROM.h">
      <Filter>Header Files\libFlashFS</Filter>
    </ClInclude>
  </ItemGroup>
  <ItemGroup>
    <None Include="..\..\MAVLink\message_definitions\ardupilotmega.xml">
      <Filter>Header Files\MAVLink\message_definitions</Filter>
    </None>
    <None Include="..\..\MAVLink\message_definitions\common.xml">
      <Filter>Header Files\MAVLink\message_definitions</Filter>
    </None>
    <None Include="..\..\MAVLink\message_definitions\matrixpilot.xml">
      <Filter>Header Files\MAVLink\message_definitions</Filter>
    </None>
    <None Include="..\..\MAVLink\message_definitions\minimal.xml">
      <Filter>Header Files\MAVLink\message_definitions</Filter>
    </None>
    <None Include="..\..\MAVLink\message_definitions\pixhawk.xml">
      <Filter>Header Files\MAVLink\message_definitions</Filter>
    </None>
    <None Include="..\..\MAVLink\message_definitions\sensesoar.xml">
      <Filter>Header Files\MAVLink\message_definitions</Filter>
    </None>
    <None Include="..\..\MAVLink\message_definitions\slugs.xml">
      <Filter>Header Files\MAVLink\message_definitions</Filter>
    </None>
    <None Include="..\..\MAVLink\message_definitions\test.xml">
      <Filter>Header Files\MAVLink\message_definitions</Filter>
    </None>
    <None Include="..\..\MAVLink\message_definitions\ualberta.xml">
      <Filter>Header Files\MAVLink\message_definitions</Filter>
    </None>
  </ItemGroup>
</Project>