
Microsoft Visual Studio Solution File, Format Version 12.00
# Visual Studio 2013
VisualStudioVersion = 12.0.21005.1
MinimumVisualStudioVersion = 10.0.40219.1
Project("{8BC9CEB8-8B4A-11D0-8D11-00A0C91BC942}") = "MatrixPilot-SIL", "MatrixPilot-SIL.vcxproj", "{81C72BCE-FAF2-423A-B311-50BA1F7A010D}"
EndProject
Project("{8BC9CEB8-8B4A-11D0-8D11-00A0C91BC942}") = "silcat", "silcat.vcxproj", "{0C9F0777-B304-4222-8DD8-96F254C91D37}"
EndProject
Global
	GlobalSection(SolutionConfigurationPlatforms) = preSolution
		Debug|Win32 = Debug|Win32
		Release|Win32 = Release|Win32
	EndGlobalSection
	GlobalSection(ProjectConfigurationPlatforms) = postSolution
		{81C72BCE-FAF2-423A-B311-50BA1F7A010D}.Debug|Win32.ActiveCfg = Debug|Win32
		{81C72BCE-FAF2-423A-B311-50BA1F7A010D}.Debug|Win32.Build.0 = Debug|Win32
		{81C72BCE-FAF2-423A-B311-50BA1F7A010D}.Release|Win32.ActiveCfg = Release|Win32
		{81C72BCE-FAF2-423A-B311-50BA1F7A010D}.Release|Win32.Build.0 = Release|Win32
		{0C9F0777-B304-4222-8DD8-96F254C91D37}.Debug|Win32.ActiveCfg = Debug|Win32
		{0C9F0777-B304-4222-8DD8-96F254C91D37}.Debug|Win32.Build.0 = Debug|Win32
		{0C9F0777-B304-4222-8DD8-96F254C91D37}.Release|Win32.ActiveCfg = Release|Win32
		{0C9F0777-B304-4222-8DD8-96F254C91D37}.Release|Win32.Build.0 = Release|Win32
	EndGlobalSection
	GlobalSection(SolutionProperties) = preSolution
		HideSolutionNode = FALSE
	EndGlobalSection
EndGlobal
