#MicroXplorer Configuration settings - do not modify
#Tue Mar 24 23:47:48 AEDT 2015
FREERTOS.HEAP_NUMBER=2
FREERTOS.IPParameters=configUSE_MALLOC_FAILED_HOOK,configTOTAL_HEAP_SIZE,HEAP_NUMBER,configMINIMAL_STACK_SIZE,Tasks01,configCHECK_FOR_STACK_OVERFLOW
FREERTOS.Tasks01=defaultTask,0,1024,StartDefaultTask;TaskGPS,1,1024,StartTaskGPS;TaskIMU,2,1024,StartTaskIMU
FREERTOS.configCHECK_FOR_STACK_OVERFLOW=1
FREERTOS.configMINIMAL_STACK_SIZE=1024
FREERTOS.configTOTAL_HEAP_SIZE=32768
FREERTOS.configUSE_MALLOC_FAILED_HOOK=1
File.Version=5
KeepUserPlacement=true
Mcu.Family=STM32F4
Mcu.IP0=FATFS
Mcu.IP1=FREERTOS
Mcu.IP10=USART2
Mcu.IP11=USART6
Mcu.IP2=I2C1
Mcu.IP3=NVIC
Mcu.IP4=RCC
Mcu.IP5=SDIO
Mcu.IP6=SPI2
Mcu.IP7=SYS
Mcu.IP8=TIM10
Mcu.IP9=USART1
Mcu.IPNb=12
Mcu.Name=STM32F401R(B-C-D-E)Tx
Mcu.Package=LQFP64
Mcu.Pin0=PC13-ANTI_TAMP
Mcu.Pin1=PC14-OSC32_IN
Mcu.Pin10=PA4
Mcu.Pin11=PA5
Mcu.Pin12=PA6
Mcu.Pin13=PA7
Mcu.Pin14=PB10
Mcu.Pin15=PB12
Mcu.Pin16=PC8
Mcu.Pin17=PA9
Mcu.Pin18=PA10
Mcu.Pin19=PA11
Mcu.Pin2=PC15-OSC32_OUT
Mcu.Pin20=PA12
Mcu.Pin21=PA13
Mcu.Pin22=PA14
Mcu.Pin23=PC12
Mcu.Pin24=PD2
Mcu.Pin25=PB3
Mcu.Pin26=PB6
Mcu.Pin27=PB7
Mcu.Pin28=VP_FATFS_VS_SDIO
Mcu.Pin29=VP_FREERTOS_VS_ENABLE
Mcu.Pin3=PH0 - OSC_IN
Mcu.Pin30=VP_TIM10_VS_ClockSourceINT
Mcu.Pin4=PH1 - OSC_OUT
Mcu.Pin5=PC2
Mcu.Pin6=PC3
Mcu.Pin7=PA0-WKUP
Mcu.Pin8=PA2
Mcu.Pin9=PA3
Mcu.PinsNb=31
Mcu.UserName=STM32F401RETx
MxCube.Version=4.6.0
MxDb.Version=DB.4.0.60
NVIC.I2C1_ER_IRQn=true\:5\:0\:false
NVIC.I2C1_EV_IRQn=true\:5\:0\:false
NVIC.PriorityGroup=NVIC_PRIORITYGROUP_4
NVIC.SPI2_IRQn=true\:5\:0\:false
NVIC.SysTick_IRQn=true\:0\:0\:true
NVIC.TIM1_UP_TIM10_IRQn=true\:5\:0\:false
NVIC.USART1_IRQn=true\:5\:0\:false
NVIC.USART2_IRQn=true\:5\:0\:false
NVIC.USART6_IRQn=true\:5\:0\:false
PA0-WKUP.Locked=true
PA0-WKUP.Signal=GPXTI0
PA10.Mode=Asynchronous
PA10.Signal=USART1_RX
PA11.Locked=true
PA11.Mode=Asynchronous
PA11.Signal=USART6_TX
PA12.Locked=true
PA12.Mode=Asynchronous
PA12.Signal=USART6_RX
PA13.GPIOParameters=GPIO_Label
PA13.GPIO_Label=TMS
PA13.Locked=true
PA13.Mode=Trace-Asynchronous_SW
PA13.Signal=SYS_JTMS-SWDIO
PA14.GPIOParameters=GPIO_Label
PA14.GPIO_Label=TCK
PA14.Locked=true
PA14.Mode=Trace-Asynchronous_SW
PA14.Signal=SYS_JTCK-SWCLK
PA2.GPIOParameters=GPIO_Speed,GPIO_PuPd,GPIO_Label,GPIO_Mode
PA2.GPIO_Label=USART_TX
PA2.GPIO_Mode=GPIO_MODE_AF_PP
PA2.GPIO_PuPd=GPIO_NOPULL
PA2.GPIO_Speed=GPIO_SPEED_LOW
PA2.Locked=true
PA2.Mode=Asynchronous
PA2.Signal=USART2_TX
PA3.GPIOParameters=GPIO_Speed,GPIO_PuPd,GPIO_Label,GPIO_Mode
PA3.GPIO_Label=USART_RX
PA3.GPIO_Mode=GPIO_MODE_AF_PP
PA3.GPIO_PuPd=GPIO_NOPULL
PA3.GPIO_Speed=GPIO_SPEED_LOW
PA3.Locked=true
PA3.Mode=Asynchronous
PA3.Signal=USART2_RX
PA4.Locked=true
PA4.Signal=GPIO_Output
PA5.GPIOParameters=GPIO_Speed,GPIO_PuPd,GPIO_Label,GPIO_ModeDefaultOutputPP,GPIO_Mode
PA5.GPIO_Label=LD2 [Green Led]
PA5.GPIO_Mode=GPIO_MODE_OUTPUT_PP
PA5.GPIO_ModeDefaultOutputPP=GPIO_MODE_OUTPUT_PP
PA5.GPIO_PuPd=GPIO_NOPULL
PA5.GPIO_Speed=GPIO_SPEED_LOW
PA5.Locked=true
PA5.Signal=GPIO_Output
PA6.Locked=true
PA6.Signal=GPIO_Output
PA7.Locked=true
PA7.Signal=GPIO_Output
PA9.Mode=Asynchronous
PA9.Signal=USART1_TX
PB10.Mode=Full_Duplex_Master
PB10.Signal=SPI2_SCK
PB12.Mode=NSS_Signal_Hard
PB12.Signal=SPI2_NSS
PB3.GPIOParameters=GPIO_Label
PB3.GPIO_Label=SWO
PB3.Locked=true
PB3.Mode=Trace-Asynchronous_SW
PB3.Signal=SYS_JTDO-SWO
PB6.Mode=I2C
PB6.Signal=I2C1_SCL
PB7.Mode=I2C
PB7.Signal=I2C1_SDA
PC12.Mode=SD_1_bit
PC12.Signal=SDIO_CK
PC13-ANTI_TAMP.GPIOParameters=GPIO_PuPd,GPIO_Label,GPIO_ModeDefaultEXTI
PC13-ANTI_TAMP.GPIO_Label=B1 [Blue PushButton]
PC13-ANTI_TAMP.GPIO_ModeDefaultEXTI=GPIO_MODE_IT_RISING
PC13-ANTI_TAMP.GPIO_PuPd=GPIO_NOPULL
PC13-ANTI_TAMP.Locked=true
PC13-ANTI_TAMP.Signal=GPXTI13
PC14-OSC32_IN.Locked=true
PC14-OSC32_IN.Mode=LSE-External-Oscillator
PC14-OSC32_IN.Signal=RCC_OSC32_IN
PC15-OSC32_OUT.Locked=true
PC15-OSC32_OUT.Mode=LSE-External-Oscillator
PC15-OSC32_OUT.Signal=RCC_OSC32_OUT
PC2.Mode=Full_Duplex_Master
PC2.Signal=SPI2_MISO
PC3.Mode=Full_Duplex_Master
PC3.Signal=SPI2_MOSI
PC8.Mode=SD_1_bit
PC8.Signal=SDIO_D0
PCC.Family=STM32F4
PCC.MCU=STM32F401R(D-E)Tx
PCC.MXVersion=4.6.0
PCC.PartNumber=STM32F401RETx
PCC.Seq0=0
PCC.SubFamily=STM32F401
PCC.Temperature=25
PCC.Vdd=null
PD2.Mode=SD_1_bit
PD2.Signal=SDIO_CMD
PH0\ -\ OSC_IN.Locked=true
PH0\ -\ OSC_IN.Signal=RCC_OSC_IN
PH1\ -\ OSC_OUT.Locked=true
PH1\ -\ OSC_OUT.Signal=RCC_OSC_OUT
ProjectManager.AskForMigrate=true
ProjectManager.BackupPrevious=false
ProjectManager.CompilerOptimize=2
ProjectManager.ComputerToolchain=false
ProjectManager.CoupleFile=true
ProjectManager.DeletePrevious=true
ProjectManager.DeviceId=STM32F401RETx
ProjectManager.FirmwarePackage=STM32Cube FW_F4 V1.4.0
ProjectManager.FreePins=true
ProjectManager.HalAssertFull=true
ProjectManager.KeepUserCode=true
ProjectManager.LastFirmware=true
ProjectManager.LibraryCopy=1
ProjectManager.ProjectBuild=false
ProjectManager.ProjectFileName=STM32F401RE-nucleo-2.ioc
ProjectManager.ProjectName=STM32F401RE-nucleo-2
ProjectManager.TargetToolchain=TrueSTUDIO 4.3.1
ProjectManager.ToolChainLocation=
RCC.48MHZClocksFreq_Value=48000000
RCC.AHBFreq_Value=84000000
RCC.APB1CLKDivider=RCC_HCLK_DIV2
RCC.APB1Freq_Value=42000000
RCC.APB1TimFreq_Value=84000000
RCC.APB2Freq_Value=84000000
RCC.APB2TimFreq_Value=84000000
RCC.CortexFreq_Value=10500000
RCC.FCLKCortexFreq_Value=84000000
RCC.HCLKFreq_Value=84000000
RCC.HSE_VALUE=8000000
RCC.HSI_VALUE=16000000
RCC.I2SClocksFreq_Value=96000000
RCC.IPParameters=LSI_VALUE,APB1TimFreq_Value,APB2Freq_Value,MCO2PinFreq_Value,APB1CLKDivider,FCLKCortexFreq_Value,AHBFreq_Value,48MHZClocksFreq_Value,VCOInputFreq_Value,I2SClocksFreq_Value,SYSCLKFreq_VALUE,PLLQ,PLLP,SYSCLKSource,HSE_VALUE,HSI_VALUE,VCOI2SOutputFreq_Value,PLLCLKFreq_Value,RTCFreq_Value,HCLKFreq_Value,PLLN,VCOOutputFreq_Value,CortexFreq_Value,VcooutputI2S,APB1Freq_Value,RTCHSEDivFreq_Value,APB2TimFreq_Value
RCC.LSI_VALUE=32000
RCC.MCO2PinFreq_Value=84000000
RCC.PLLCLKFreq_Value=84000000
RCC.PLLN=336
RCC.PLLP=RCC_PLLP_DIV4
RCC.PLLQ=7
RCC.RTCFreq_Value=32000
RCC.RTCHSEDivFreq_Value=4000000
RCC.SYSCLKFreq_VALUE=84000000
RCC.SYSCLKSource=RCC_SYSCLKSOURCE_PLLCLK
RCC.VCOI2SOutputFreq_Value=192000000
RCC.VCOInputFreq_Value=1000000
RCC.VCOOutputFreq_Value=336000000
RCC.VcooutputI2S=96000000
SDIO.BusWide-SD_1_bit=SDIO_BUS_WIDE_1B
SDIO.IPParameters=BusWide-SD_1_bit
SH.GPXTI0.0=GPIO_EXTI0
SH.GPXTI0.ConfNb=1
SH.GPXTI13.0=GPIO_EXTI13
SH.GPXTI13.ConfNb=1
SPI2.CalculateBaudRate-Full_Duplex_Master=21.0 MBits/s
SPI2.IPParameters=Mode-Full_Duplex_Master,CalculateBaudRate-Full_Duplex_Master,VirtualNSS
SPI2.Mode-Full_Duplex_Master=SPI_MODE_MASTER
SPI2.VirtualNSS=VM_NSSHARD
TIM10.IPParameters=Prescaler
TIM10.Prescaler=20000
USART6.BaudRate=38400
USART6.IPParameters=BaudRate
VP_FATFS_VS_SDIO.Mode=SDIO
VP_FATFS_VS_SDIO.Signal=FATFS_VS_SDIO
VP_FREERTOS_VS_ENABLE.Mode=Enabled
VP_FREERTOS_VS_ENABLE.Signal=FREERTOS_VS_ENABLE
VP_TIM10_VS_ClockSourceINT.Mode=Enable_Timer
VP_TIM10_VS_ClockSourceINT.Signal=TIM10_VS_ClockSourceINT
boardIOC=true
