
Microsoft Visual Studio Solution File, Format Version 11.00
# Visual C++ Express 2010
Project("{8BC9CEB8-8B4A-11D0-8D11-00A0C91BC942}") = "XP_UDB_HILSIM", "XP_UDB_HILSIM.vcxproj", "{81C72BCE-FAF2-423A-B311-50BA1F7A010D}"
EndProject
Global
	GlobalSection(SolutionConfigurationPlatforms) = preSolution
		Debug|Win32 = Debug|Win32
		Release|Win32 = Release|Win32
	EndGlobalSection
	GlobalSection(ProjectConfigurationPlatforms) = postSolution
		{81C72BCE-FAF2-423A-B311-50BA1F7A010D}.Debug|Win32.ActiveCfg = Debug|Win32
		{81C72BCE-FAF2-423A-B311-50BA1F7A010D}.Debug|Win32.Build.0 = Debug|Win32
		{81C72BCE-FAF2-423A-B311-50BA1F7A010D}.Release|Win32.ActiveCfg = Release|Win32
		{81C72BCE-FAF2-423A-B311-50BA1F7A010D}.Release|Win32.Build.0 = Release|Win32
	EndGlobalSection
	GlobalSection(SolutionProperties) = preSolution
		HideSolutionNode = FALSE
	EndGlobalSection
EndGlobal
