
Microsoft Visual Studio Solution File, Format Version 10.00
# Visual Studio 2008
Project("{FAE04EC0-301F-11D3-BF4B-00C04F79EFBC}") = "UDB_FlyByWire", "UDB_FlyByWire\UDB_FlyByWire.csproj", "{731F3CE2-3A6A-4CE4-AD61-B4316D295845}"
EndProject
Global
	GlobalSection(SolutionConfigurationPlatforms) = preSolution
		Debug|Any CPU = Debug|Any CPU
		Release|Any CPU = Release|Any CPU
	EndGlobalSection
	GlobalSection(ProjectConfigurationPlatforms) = postSolution
		{731F3CE2-3A6A-4CE4-AD61-B4316D295845}.Debug|Any CPU.ActiveCfg = Debug|Any CPU
		{731F3CE2-3A6A-4CE4-AD61-B4316D295845}.Debug|Any CPU.Build.0 = Debug|Any CPU
		{731F3CE2-3A6A-4CE4-AD61-B4316D295845}.Release|Any CPU.ActiveCfg = Release|Any CPU
		{731F3CE2-3A6A-4CE4-AD61-B4316D295845}.Release|Any CPU.Build.0 = Release|Any CPU
	EndGlobalSection
	GlobalSection(SolutionProperties) = preSolution
		HideSolutionNode = FALSE
	EndGlobalSection
EndGlobal
